// !$*UTF8*$!
{
	archiveVersion = 1;
	classes = {
	};
	objectVersion = 48;
	objects = {

/* Begin PBXBuildFile section */
		038F8AB07C34724147282E89 /* OscReceivedElements.cpp in Sources */ = {isa = PBXBuildFile; fileRef = C11AD41BE3898E02B80F653A /* OscReceivedElements.cpp */; };
		043668C31F6F17900058A984 /* Explosion.cpp in Sources */ = {isa = PBXBuildFile; fileRef = 043668C11F6F17900058A984 /* Explosion.cpp */; };
		043668C71F6F48810058A984 /* Avatar.cpp in Sources */ = {isa = PBXBuildFile; fileRef = 043668C61F6F48810058A984 /* Avatar.cpp */; };
		04C86C721F6DAD43008A3749 /* Bullet.cpp in Sources */ = {isa = PBXBuildFile; fileRef = 04C86C681F6DAD43008A3749 /* Bullet.cpp */; };
		04C86C731F6DAD43008A3749 /* Enemy.cpp in Sources */ = {isa = PBXBuildFile; fileRef = 04C86C6A1F6DAD43008A3749 /* Enemy.cpp */; };
		04C86C741F6DAD43008A3749 /* LevelController.cpp in Sources */ = {isa = PBXBuildFile; fileRef = 04C86C6C1F6DAD43008A3749 /* LevelController.cpp */; };
		04C86C751F6DAD43008A3749 /* Life.cpp in Sources */ = {isa = PBXBuildFile; fileRef = 04C86C6E1F6DAD43008A3749 /* Life.cpp */; };
		04C86C761F6DAD43008A3749 /* Player.cpp in Sources */ = {isa = PBXBuildFile; fileRef = 04C86C701F6DAD43008A3749 /* Player.cpp */; };
		174A7F10757771137B855300 /* ofxOscReceiver.cpp in Sources */ = {isa = PBXBuildFile; fileRef = 1D73A7C32E9A39DBB77F4A4C /* ofxOscReceiver.cpp */; };
		2A276BECC8BCADFED68A71A1 /* OscOutboundPacketStream.cpp in Sources */ = {isa = PBXBuildFile; fileRef = EE98206D0C00C622FFA04DA0 /* OscOutboundPacketStream.cpp */; };
		430778705ACE882C5437CF3E /* IpEndpointName.cpp in Sources */ = {isa = PBXBuildFile; fileRef = B4B5C5F1CDA9A0D5AE08C05C /* IpEndpointName.cpp */; };
		AA112CF0B070B74225ED4BC4 /* ofxOscBundle.cpp in Sources */ = {isa = PBXBuildFile; fileRef = 5B9128642BB17E91EB77D88A /* ofxOscBundle.cpp */; };
		B25B7ACA594F8A0CDC0B9B89 /* ofxOscMessage.cpp in Sources */ = {isa = PBXBuildFile; fileRef = C97CAF883443615C5EDCAE74 /* ofxOscMessage.cpp */; };
		B9D03C8670731DACA7C9BC95 /* UdpSocket.cpp in Sources */ = {isa = PBXBuildFile; fileRef = 503C15C56754DFD539BCA13D /* UdpSocket.cpp */; };
		BECEB2A20B1BF83D16060390 /* ofxOscSender.cpp in Sources */ = {isa = PBXBuildFile; fileRef = FB92D04FAF71E2D63011F56E /* ofxOscSender.cpp */; };
		C83AB37742E246518A9A809F /* OscTypes.cpp in Sources */ = {isa = PBXBuildFile; fileRef = 357166520ADA984C6ABDBA08 /* OscTypes.cpp */; };
		DB8451D7092C090B8083639D /* NetworkingUtils.cpp in Sources */ = {isa = PBXBuildFile; fileRef = 2D5405F9B2FBC0D991BF0527 /* NetworkingUtils.cpp */; };
		E4328149138ABC9F0047C5CB /* openFrameworksDebug.a in Frameworks */ = {isa = PBXBuildFile; fileRef = E4328148138ABC890047C5CB /* openFrameworksDebug.a */; };
		E4B69E200A3A1BDC003C02F2 /* Main.cpp in Sources */ = {isa = PBXBuildFile; fileRef = E4B69E1D0A3A1BDC003C02F2 /* Main.cpp */; };
		E4B69E210A3A1BDC003C02F2 /* ofApp.cpp in Sources */ = {isa = PBXBuildFile; fileRef = E4B69E1E0A3A1BDC003C02F2 /* ofApp.cpp */; };
		F3A9BD712EC92F52A159DB9C /* OscPrintReceivedElements.cpp in Sources */ = {isa = PBXBuildFile; fileRef = 97DCFB9C772FFB51C47CC86B /* OscPrintReceivedElements.cpp */; };
		FE2347D7988DA1A14CFD5A73 /* ofxOscParameterSync.cpp in Sources */ = {isa = PBXBuildFile; fileRef = C246E60E92B58E9A47F6540A /* ofxOscParameterSync.cpp */; };
/* End PBXBuildFile section */

/* Begin PBXContainerItemProxy section */
		E4328147138ABC890047C5CB /* PBXContainerItemProxy */ = {
			isa = PBXContainerItemProxy;
			containerPortal = E4328143138ABC890047C5CB /* openFrameworksLib.xcodeproj */;
			proxyType = 2;
			remoteGlobalIDString = E4B27C1510CBEB8E00536013;
			remoteInfo = openFrameworks;
		};
		E4EEB9AB138B136A00A80321 /* PBXContainerItemProxy */ = {
			isa = PBXContainerItemProxy;
			containerPortal = E4328143138ABC890047C5CB /* openFrameworksLib.xcodeproj */;
			proxyType = 1;
			remoteGlobalIDString = E4B27C1410CBEB8E00536013;
			remoteInfo = openFrameworks;
		};
/* End PBXContainerItemProxy section */

/* Begin PBXCopyFilesBuildPhase section */
		E4C2427710CC5ABF004149E2 /* CopyFiles */ = {
			isa = PBXCopyFilesBuildPhase;
			buildActionMask = 2147483647;
			dstPath = "";
			dstSubfolderSpec = 10;
			files = (
			);
			runOnlyForDeploymentPostprocessing = 0;
		};
/* End PBXCopyFilesBuildPhase section */

/* Begin PBXFileReference section */
		043668C01F6F16C20058A984 /* Explosion.h */ = {isa = PBXFileReference; fileEncoding = 4; lastKnownFileType = sourcecode.c.h; path = Explosion.h; sourceTree = "<group>"; };
		043668C11F6F17900058A984 /* Explosion.cpp */ = {isa = PBXFileReference; fileEncoding = 4; lastKnownFileType = sourcecode.cpp.cpp; path = Explosion.cpp; sourceTree = "<group>"; };
		043668C51F6F47580058A984 /* Avatar.h */ = {isa = PBXFileReference; fileEncoding = 4; lastKnownFileType = sourcecode.c.h; path = Avatar.h; sourceTree = "<group>"; };
		043668C61F6F48810058A984 /* Avatar.cpp */ = {isa = PBXFileReference; fileEncoding = 4; lastKnownFileType = sourcecode.cpp.cpp; path = Avatar.cpp; sourceTree = "<group>"; };
		04C86C681F6DAD43008A3749 /* Bullet.cpp */ = {isa = PBXFileReference; fileEncoding = 4; lastKnownFileType = sourcecode.cpp.cpp; path = Bullet.cpp; sourceTree = "<group>"; };
		04C86C691F6DAD43008A3749 /* Bullet.h */ = {isa = PBXFileReference; fileEncoding = 4; lastKnownFileType = sourcecode.c.h; path = Bullet.h; sourceTree = "<group>"; };
		04C86C6A1F6DAD43008A3749 /* Enemy.cpp */ = {isa = PBXFileReference; fileEncoding = 4; lastKnownFileType = sourcecode.cpp.cpp; path = Enemy.cpp; sourceTree = "<group>"; };
		04C86C6B1F6DAD43008A3749 /* Enemy.h */ = {isa = PBXFileReference; fileEncoding = 4; lastKnownFileType = sourcecode.c.h; path = Enemy.h; sourceTree = "<group>"; };
		04C86C6C1F6DAD43008A3749 /* LevelController.cpp */ = {isa = PBXFileReference; fileEncoding = 4; lastKnownFileType = sourcecode.cpp.cpp; path = LevelController.cpp; sourceTree = "<group>"; };
		04C86C6D1F6DAD43008A3749 /* LevelController.h */ = {isa = PBXFileReference; fileEncoding = 4; lastKnownFileType = sourcecode.c.h; path = LevelController.h; sourceTree = "<group>"; };
		04C86C6E1F6DAD43008A3749 /* Life.cpp */ = {isa = PBXFileReference; fileEncoding = 4; lastKnownFileType = sourcecode.cpp.cpp; path = Life.cpp; sourceTree = "<group>"; };
		04C86C6F1F6DAD43008A3749 /* Life.h */ = {isa = PBXFileReference; fileEncoding = 4; lastKnownFileType = sourcecode.c.h; path = Life.h; sourceTree = "<group>"; };
		04C86C701F6DAD43008A3749 /* Player.cpp */ = {isa = PBXFileReference; fileEncoding = 4; lastKnownFileType = sourcecode.cpp.cpp; path = Player.cpp; sourceTree = "<group>"; };
		04C86C711F6DAD43008A3749 /* Player.h */ = {isa = PBXFileReference; fileEncoding = 4; lastKnownFileType = sourcecode.c.h; path = Player.h; sourceTree = "<group>"; };
		18029905502793E8B2D9DF53 /* OscHostEndianness.h */ = {isa = PBXFileReference; explicitFileType = sourcecode.c.h; fileEncoding = 30; name = OscHostEndianness.h; path = ../libs/of_v0.9.8_osx_release/addons/ofxOsc/libs/oscpack/src/osc/OscHostEndianness.h; sourceTree = SOURCE_ROOT; };
		1D73A7C32E9A39DBB77F4A4C /* ofxOscReceiver.cpp */ = {isa = PBXFileReference; explicitFileType = sourcecode.cpp.cpp; fileEncoding = 30; name = ofxOscReceiver.cpp; path = ../libs/of_v0.9.8_osx_release/addons/ofxOsc/src/ofxOscReceiver.cpp; sourceTree = SOURCE_ROOT; };
		2D5405F9B2FBC0D991BF0527 /* NetworkingUtils.cpp */ = {isa = PBXFileReference; explicitFileType = sourcecode.cpp.cpp; fileEncoding = 30; name = NetworkingUtils.cpp; path = ../libs/of_v0.9.8_osx_release/addons/ofxOsc/libs/oscpack/src/ip/posix/NetworkingUtils.cpp; sourceTree = SOURCE_ROOT; };
		357166520ADA984C6ABDBA08 /* OscTypes.cpp */ = {isa = PBXFileReference; explicitFileType = sourcecode.cpp.cpp; fileEncoding = 30; name = OscTypes.cpp; path = ../libs/of_v0.9.8_osx_release/addons/ofxOsc/libs/oscpack/src/osc/OscTypes.cpp; sourceTree = SOURCE_ROOT; };
		36126299B44550645333E351 /* OscReceivedElements.h */ = {isa = PBXFileReference; explicitFileType = sourcecode.c.h; fileEncoding = 30; name = OscReceivedElements.h; path = ../libs/of_v0.9.8_osx_release/addons/ofxOsc/libs/oscpack/src/osc/OscReceivedElements.h; sourceTree = SOURCE_ROOT; };
		3EF549069B6D291909160B41 /* ofxOscSender.h */ = {isa = PBXFileReference; explicitFileType = sourcecode.c.h; fileEncoding = 30; name = ofxOscSender.h; path = ../libs/of_v0.9.8_osx_release/addons/ofxOsc/src/ofxOscSender.h; sourceTree = SOURCE_ROOT; };
		41D308E159E44E68CED1D410 /* ofxOscBundle.h */ = {isa = PBXFileReference; explicitFileType = sourcecode.c.h; fileEncoding = 30; name = ofxOscBundle.h; path = ../libs/of_v0.9.8_osx_release/addons/ofxOsc/src/ofxOscBundle.h; sourceTree = SOURCE_ROOT; };
		4913A3C38512278C2BA086E3 /* ofxOscParameterSync.h */ = {isa = PBXFileReference; explicitFileType = sourcecode.c.h; fileEncoding = 30; name = ofxOscParameterSync.h; path = ../libs/of_v0.9.8_osx_release/addons/ofxOsc/src/ofxOscParameterSync.h; sourceTree = SOURCE_ROOT; };
		4C8C88039C466275D1885CE2 /* NetworkingUtils.h */ = {isa = PBXFileReference; explicitFileType = sourcecode.c.h; fileEncoding = 30; name = NetworkingUtils.h; path = ../libs/of_v0.9.8_osx_release/addons/ofxOsc/libs/oscpack/src/ip/NetworkingUtils.h; sourceTree = SOURCE_ROOT; };
		503C15C56754DFD539BCA13D /* UdpSocket.cpp */ = {isa = PBXFileReference; explicitFileType = sourcecode.cpp.cpp; fileEncoding = 30; name = UdpSocket.cpp; path = ../libs/of_v0.9.8_osx_release/addons/ofxOsc/libs/oscpack/src/ip/posix/UdpSocket.cpp; sourceTree = SOURCE_ROOT; };
		5081E8C8E203B4C2E30CF2C6 /* OscPrintReceivedElements.h */ = {isa = PBXFileReference; explicitFileType = sourcecode.c.h; fileEncoding = 30; name = OscPrintReceivedElements.h; path = ../libs/of_v0.9.8_osx_release/addons/ofxOsc/libs/oscpack/src/osc/OscPrintReceivedElements.h; sourceTree = SOURCE_ROOT; };
		5B9128642BB17E91EB77D88A /* ofxOscBundle.cpp */ = {isa = PBXFileReference; explicitFileType = sourcecode.cpp.cpp; fileEncoding = 30; name = ofxOscBundle.cpp; path = ../libs/of_v0.9.8_osx_release/addons/ofxOsc/src/ofxOscBundle.cpp; sourceTree = SOURCE_ROOT; };
		6AB7F842754966F0EDDE78EF /* TimerListener.h */ = {isa = PBXFileReference; explicitFileType = sourcecode.c.h; fileEncoding = 30; name = TimerListener.h; path = ../libs/of_v0.9.8_osx_release/addons/ofxOsc/libs/oscpack/src/ip/TimerListener.h; sourceTree = SOURCE_ROOT; };
		88772877AEAACAF04F5FC9D9 /* MessageMappingOscPacketListener.h */ = {isa = PBXFileReference; explicitFileType = sourcecode.c.h; fileEncoding = 30; name = MessageMappingOscPacketListener.h; path = ../libs/of_v0.9.8_osx_release/addons/ofxOsc/libs/oscpack/src/osc/MessageMappingOscPacketListener.h; sourceTree = SOURCE_ROOT; };
		89EC3093ED677FCA6FFD2173 /* OscPacketListener.h */ = {isa = PBXFileReference; explicitFileType = sourcecode.c.h; fileEncoding = 30; name = OscPacketListener.h; path = ../libs/of_v0.9.8_osx_release/addons/ofxOsc/libs/oscpack/src/osc/OscPacketListener.h; sourceTree = SOURCE_ROOT; };
		94F8437988476217C74F3FE1 /* UdpSocket.h */ = {isa = PBXFileReference; explicitFileType = sourcecode.c.h; fileEncoding = 30; name = UdpSocket.h; path = ../libs/of_v0.9.8_osx_release/addons/ofxOsc/libs/oscpack/src/ip/UdpSocket.h; sourceTree = SOURCE_ROOT; };
		97DCFB9C772FFB51C47CC86B /* OscPrintReceivedElements.cpp */ = {isa = PBXFileReference; explicitFileType = sourcecode.cpp.cpp; fileEncoding = 30; name = OscPrintReceivedElements.cpp; path = ../libs/of_v0.9.8_osx_release/addons/ofxOsc/libs/oscpack/src/osc/OscPrintReceivedElements.cpp; sourceTree = SOURCE_ROOT; };
		9DB1DC991DB0036642AB00AD /* ofxOsc.h */ = {isa = PBXFileReference; explicitFileType = sourcecode.c.h; fileEncoding = 30; name = ofxOsc.h; path = ../libs/of_v0.9.8_osx_release/addons/ofxOsc/src/ofxOsc.h; sourceTree = SOURCE_ROOT; };
		A49F5F06C053265A9B40FA63 /* PacketListener.h */ = {isa = PBXFileReference; explicitFileType = sourcecode.c.h; fileEncoding = 30; name = PacketListener.h; path = ../libs/of_v0.9.8_osx_release/addons/ofxOsc/libs/oscpack/src/ip/PacketListener.h; sourceTree = SOURCE_ROOT; };
		A9B14F6B181F50C0B851B75B /* OscTypes.h */ = {isa = PBXFileReference; explicitFileType = sourcecode.c.h; fileEncoding = 30; name = OscTypes.h; path = ../libs/of_v0.9.8_osx_release/addons/ofxOsc/libs/oscpack/src/osc/OscTypes.h; sourceTree = SOURCE_ROOT; };
		B4B5C5F1CDA9A0D5AE08C05C /* IpEndpointName.cpp */ = {isa = PBXFileReference; explicitFileType = sourcecode.cpp.cpp; fileEncoding = 30; name = IpEndpointName.cpp; path = ../libs/of_v0.9.8_osx_release/addons/ofxOsc/libs/oscpack/src/ip/IpEndpointName.cpp; sourceTree = SOURCE_ROOT; };
		C11AD41BE3898E02B80F653A /* OscReceivedElements.cpp */ = {isa = PBXFileReference; explicitFileType = sourcecode.cpp.cpp; fileEncoding = 30; name = OscReceivedElements.cpp; path = ../libs/of_v0.9.8_osx_release/addons/ofxOsc/libs/oscpack/src/osc/OscReceivedElements.cpp; sourceTree = SOURCE_ROOT; };
		C246E60E92B58E9A47F6540A /* ofxOscParameterSync.cpp */ = {isa = PBXFileReference; explicitFileType = sourcecode.cpp.cpp; fileEncoding = 30; name = ofxOscParameterSync.cpp; path = ../libs/of_v0.9.8_osx_release/addons/ofxOsc/src/ofxOscParameterSync.cpp; sourceTree = SOURCE_ROOT; };
		C97CAF883443615C5EDCAE74 /* ofxOscMessage.cpp */ = {isa = PBXFileReference; explicitFileType = sourcecode.cpp.cpp; fileEncoding = 30; name = ofxOscMessage.cpp; path = ../libs/of_v0.9.8_osx_release/addons/ofxOsc/src/ofxOscMessage.cpp; sourceTree = SOURCE_ROOT; };
		CB0B0BE1F7E47800C3C1354C /* OscOutboundPacketStream.h */ = {isa = PBXFileReference; explicitFileType = sourcecode.c.h; fileEncoding = 30; name = OscOutboundPacketStream.h; path = ../libs/of_v0.9.8_osx_release/addons/ofxOsc/libs/oscpack/src/osc/OscOutboundPacketStream.h; sourceTree = SOURCE_ROOT; };
		D3C40608512666432DAC5F9D /* ofxOscArg.h */ = {isa = PBXFileReference; explicitFileType = sourcecode.c.h; fileEncoding = 30; name = ofxOscArg.h; path = ../libs/of_v0.9.8_osx_release/addons/ofxOsc/src/ofxOscArg.h; sourceTree = SOURCE_ROOT; };
		D6D238A322B9F4283A4AB447 /* ofxOscMessage.h */ = {isa = PBXFileReference; explicitFileType = sourcecode.c.h; fileEncoding = 30; name = ofxOscMessage.h; path = ../libs/of_v0.9.8_osx_release/addons/ofxOsc/src/ofxOscMessage.h; sourceTree = SOURCE_ROOT; };
		DA3164D78B4C7C52CF94F46E /* IpEndpointName.h */ = {isa = PBXFileReference; explicitFileType = sourcecode.c.h; fileEncoding = 30; name = IpEndpointName.h; path = ../libs/of_v0.9.8_osx_release/addons/ofxOsc/libs/oscpack/src/ip/IpEndpointName.h; sourceTree = SOURCE_ROOT; };
		DAA3FA15928236BAAE22D453 /* OscException.h */ = {isa = PBXFileReference; explicitFileType = sourcecode.c.h; fileEncoding = 30; name = OscException.h; path = ../libs/of_v0.9.8_osx_release/addons/ofxOsc/libs/oscpack/src/osc/OscException.h; sourceTree = SOURCE_ROOT; };
		E4328143138ABC890047C5CB /* openFrameworksLib.xcodeproj */ = {isa = PBXFileReference; lastKnownFileType = "wrapper.pb-project"; name = openFrameworksLib.xcodeproj; path = ../libs/of_v0.9.8_osx_release/libs/openFrameworksCompiled/project/osx/openFrameworksLib.xcodeproj; sourceTree = SOURCE_ROOT; };
		E4B69B5B0A3A1756003C02F2 /* oFShooterDebug.app */ = {isa = PBXFileReference; explicitFileType = wrapper.application; includeInIndex = 0; path = oFShooterDebug.app; sourceTree = BUILT_PRODUCTS_DIR; };
		E4B69E1D0A3A1BDC003C02F2 /* Main.cpp */ = {isa = PBXFileReference; fileEncoding = 30; lastKnownFileType = sourcecode.cpp.cpp; name = Main.cpp; path = src/Main.cpp; sourceTree = SOURCE_ROOT; };
		E4B69E1E0A3A1BDC003C02F2 /* ofApp.cpp */ = {isa = PBXFileReference; explicitFileType = sourcecode.cpp.cpp; fileEncoding = 30; lineEnding = 0; name = ofApp.cpp; path = src/ofApp.cpp; sourceTree = SOURCE_ROOT; xcLanguageSpecificationIdentifier = xcode.lang.cpp; };
		E4B69E1F0A3A1BDC003C02F2 /* ofApp.h */ = {isa = PBXFileReference; fileEncoding = 30; lastKnownFileType = sourcecode.c.h; name = ofApp.h; path = src/ofApp.h; sourceTree = SOURCE_ROOT; };
		E4B6FCAD0C3E899E008CF71C /* openFrameworks-Info.plist */ = {isa = PBXFileReference; fileEncoding = 30; lastKnownFileType = text.plist.xml; path = "openFrameworks-Info.plist"; sourceTree = "<group>"; };
		E4EB691F138AFCF100A09F29 /* CoreOF.xcconfig */ = {isa = PBXFileReference; fileEncoding = 4; lastKnownFileType = text.xcconfig; name = CoreOF.xcconfig; path = ../libs/of_v0.9.8_osx_release/libs/openFrameworksCompiled/project/osx/CoreOF.xcconfig; sourceTree = SOURCE_ROOT; };
		E4EB6923138AFD0F00A09F29 /* Project.xcconfig */ = {isa = PBXFileReference; fileEncoding = 4; lastKnownFileType = text.xcconfig; path = Project.xcconfig; sourceTree = "<group>"; };
		EE98206D0C00C622FFA04DA0 /* OscOutboundPacketStream.cpp */ = {isa = PBXFileReference; explicitFileType = sourcecode.cpp.cpp; fileEncoding = 30; name = OscOutboundPacketStream.cpp; path = ../libs/of_v0.9.8_osx_release/addons/ofxOsc/libs/oscpack/src/osc/OscOutboundPacketStream.cpp; sourceTree = SOURCE_ROOT; };
		F84B267B5A7680F29CB946F1 /* ofxOscReceiver.h */ = {isa = PBXFileReference; explicitFileType = sourcecode.c.h; fileEncoding = 30; name = ofxOscReceiver.h; path = ../libs/of_v0.9.8_osx_release/addons/ofxOsc/src/ofxOscReceiver.h; sourceTree = SOURCE_ROOT; };
		FB92D04FAF71E2D63011F56E /* ofxOscSender.cpp */ = {isa = PBXFileReference; explicitFileType = sourcecode.cpp.cpp; fileEncoding = 30; name = ofxOscSender.cpp; path = ../libs/of_v0.9.8_osx_release/addons/ofxOsc/src/ofxOscSender.cpp; sourceTree = SOURCE_ROOT; };
/* End PBXFileReference section */

/* Begin PBXFrameworksBuildPhase section */
		E4B69B590A3A1756003C02F2 /* Frameworks */ = {
			isa = PBXFrameworksBuildPhase;
			buildActionMask = 2147483647;
			files = (
				E4328149138ABC9F0047C5CB /* openFrameworksDebug.a in Frameworks */,
			);
			runOnlyForDeploymentPostprocessing = 0;
		};
/* End PBXFrameworksBuildPhase section */

/* Begin PBXGroup section */
		30CB364908817057B430D528 /* osc */ = {
			isa = PBXGroup;
			children = (
				88772877AEAACAF04F5FC9D9 /* MessageMappingOscPacketListener.h */,
				DAA3FA15928236BAAE22D453 /* OscException.h */,
				18029905502793E8B2D9DF53 /* OscHostEndianness.h */,
				EE98206D0C00C622FFA04DA0 /* OscOutboundPacketStream.cpp */,
				CB0B0BE1F7E47800C3C1354C /* OscOutboundPacketStream.h */,
				89EC3093ED677FCA6FFD2173 /* OscPacketListener.h */,
				97DCFB9C772FFB51C47CC86B /* OscPrintReceivedElements.cpp */,
				5081E8C8E203B4C2E30CF2C6 /* OscPrintReceivedElements.h */,
				C11AD41BE3898E02B80F653A /* OscReceivedElements.cpp */,
				36126299B44550645333E351 /* OscReceivedElements.h */,
				357166520ADA984C6ABDBA08 /* OscTypes.cpp */,
				A9B14F6B181F50C0B851B75B /* OscTypes.h */,
			);
			name = osc;
			sourceTree = "<group>";
		};
		38871A5825686AE018EC2BF0 /* libs */ = {
			isa = PBXGroup;
			children = (
				86D2677079A3AF4A5A88E29A /* oscpack */,
			);
			name = libs;
			sourceTree = "<group>";
		};
		641362CA659FAFEE4E81001B /* posix */ = {
			isa = PBXGroup;
			children = (
				2D5405F9B2FBC0D991BF0527 /* NetworkingUtils.cpp */,
				503C15C56754DFD539BCA13D /* UdpSocket.cpp */,
			);
			name = posix;
			sourceTree = "<group>";
		};
		6948EE371B920CB800B5AC1A /* local_addons */ = {
			isa = PBXGroup;
			children = (
			);
			name = local_addons;
			sourceTree = "<group>";
		};
		86D2677079A3AF4A5A88E29A /* oscpack */ = {
			isa = PBXGroup;
			children = (
				D27B2221A225CA523C019676 /* src */,
			);
			name = oscpack;
			sourceTree = "<group>";
		};
		BB4B014C10F69532006C3DED /* addons */ = {
			isa = PBXGroup;
			children = (
				E6053AB7FEC63D5F83825B88 /* ofxOsc */,
			);
			name = addons;
			sourceTree = "<group>";
		};
		BD2F1A9F8D0C05EDB29122D0 /* src */ = {
			isa = PBXGroup;
			children = (
				9DB1DC991DB0036642AB00AD /* ofxOsc.h */,
				D3C40608512666432DAC5F9D /* ofxOscArg.h */,
				5B9128642BB17E91EB77D88A /* ofxOscBundle.cpp */,
				41D308E159E44E68CED1D410 /* ofxOscBundle.h */,
				C97CAF883443615C5EDCAE74 /* ofxOscMessage.cpp */,
				D6D238A322B9F4283A4AB447 /* ofxOscMessage.h */,
				C246E60E92B58E9A47F6540A /* ofxOscParameterSync.cpp */,
				4913A3C38512278C2BA086E3 /* ofxOscParameterSync.h */,
				1D73A7C32E9A39DBB77F4A4C /* ofxOscReceiver.cpp */,
				F84B267B5A7680F29CB946F1 /* ofxOscReceiver.h */,
				FB92D04FAF71E2D63011F56E /* ofxOscSender.cpp */,
				3EF549069B6D291909160B41 /* ofxOscSender.h */,
			);
			name = src;
			sourceTree = "<group>";
		};
		D27B2221A225CA523C019676 /* src */ = {
			isa = PBXGroup;
			children = (
				FF8CDF57858E9B94E3237115 /* ip */,
				30CB364908817057B430D528 /* osc */,
			);
			name = src;
			sourceTree = "<group>";
		};
		E4328144138ABC890047C5CB /* Products */ = {
			isa = PBXGroup;
			children = (
				E4328148138ABC890047C5CB /* openFrameworksDebug.a */,
			);
			name = Products;
			sourceTree = "<group>";
		};
		E4B69B4A0A3A1720003C02F2 = {
			isa = PBXGroup;
			children = (
				E4B6FCAD0C3E899E008CF71C /* openFrameworks-Info.plist */,
				E4EB6923138AFD0F00A09F29 /* Project.xcconfig */,
				E4B69E1C0A3A1BDC003C02F2 /* src */,
				E4EEC9E9138DF44700A80321 /* openFrameworks */,
				BB4B014C10F69532006C3DED /* addons */,
				6948EE371B920CB800B5AC1A /* local_addons */,
				E4B69B5B0A3A1756003C02F2 /* oFShooterDebug.app */,
			);
			sourceTree = "<group>";
		};
		E4B69E1C0A3A1BDC003C02F2 /* src */ = {
			isa = PBXGroup;
			children = (
				04C86C681F6DAD43008A3749 /* Bullet.cpp */,
				04C86C691F6DAD43008A3749 /* Bullet.h */,
				04C86C6A1F6DAD43008A3749 /* Enemy.cpp */,
				04C86C6B1F6DAD43008A3749 /* Enemy.h */,
				04C86C6C1F6DAD43008A3749 /* LevelController.cpp */,
				04C86C6D1F6DAD43008A3749 /* LevelController.h */,
				04C86C6E1F6DAD43008A3749 /* Life.cpp */,
				04C86C6F1F6DAD43008A3749 /* Life.h */,
				04C86C701F6DAD43008A3749 /* Player.cpp */,
				043668C01F6F16C20058A984 /* Explosion.h */,
				043668C11F6F17900058A984 /* Explosion.cpp */,
				04C86C711F6DAD43008A3749 /* Player.h */,
				E4B69E1D0A3A1BDC003C02F2 /* Main.cpp */,
				E4B69E1E0A3A1BDC003C02F2 /* ofApp.cpp */,
				E4B69E1F0A3A1BDC003C02F2 /* ofApp.h */,
				043668C51F6F47580058A984 /* Avatar.h */,
				043668C61F6F48810058A984 /* Avatar.cpp */,
			);
			path = src;
			sourceTree = SOURCE_ROOT;
		};
		E4EEC9E9138DF44700A80321 /* openFrameworks */ = {
			isa = PBXGroup;
			children = (
				E4EB691F138AFCF100A09F29 /* CoreOF.xcconfig */,
				E4328143138ABC890047C5CB /* openFrameworksLib.xcodeproj */,
			);
			name = openFrameworks;
			sourceTree = "<group>";
		};
		E6053AB7FEC63D5F83825B88 /* ofxOsc */ = {
			isa = PBXGroup;
			children = (
				BD2F1A9F8D0C05EDB29122D0 /* src */,
				38871A5825686AE018EC2BF0 /* libs */,
			);
			name = ofxOsc;
			sourceTree = "<group>";
		};
		FF8CDF57858E9B94E3237115 /* ip */ = {
			isa = PBXGroup;
			children = (
				B4B5C5F1CDA9A0D5AE08C05C /* IpEndpointName.cpp */,
				DA3164D78B4C7C52CF94F46E /* IpEndpointName.h */,
				4C8C88039C466275D1885CE2 /* NetworkingUtils.h */,
				A49F5F06C053265A9B40FA63 /* PacketListener.h */,
				641362CA659FAFEE4E81001B /* posix */,
				6AB7F842754966F0EDDE78EF /* TimerListener.h */,
				94F8437988476217C74F3FE1 /* UdpSocket.h */,
			);
			name = ip;
			sourceTree = "<group>";
		};
/* End PBXGroup section */

/* Begin PBXNativeTarget section */
		E4B69B5A0A3A1756003C02F2 /* oFShooter */ = {
			isa = PBXNativeTarget;
			buildConfigurationList = E4B69B5F0A3A1757003C02F2 /* Build configuration list for PBXNativeTarget "oFShooter" */;
			buildPhases = (
				E4B69B580A3A1756003C02F2 /* Sources */,
				E4B69B590A3A1756003C02F2 /* Frameworks */,
				E4B6FFFD0C3F9AB9008CF71C /* ShellScript */,
				E4C2427710CC5ABF004149E2 /* CopyFiles */,
			);
			buildRules = (
			);
			dependencies = (
				E4EEB9AC138B136A00A80321 /* PBXTargetDependency */,
			);
			name = oFShooter;
			productName = myOFApp;
			productReference = E4B69B5B0A3A1756003C02F2 /* oFShooterDebug.app */;
			productType = "com.apple.product-type.application";
		};
/* End PBXNativeTarget section */

/* Begin PBXProject section */
		E4B69B4C0A3A1720003C02F2 /* Project object */ = {
			isa = PBXProject;
			attributes = {
				LastUpgradeCheck = 0600;
			};
			buildConfigurationList = E4B69B4D0A3A1720003C02F2 /* Build configuration list for PBXProject "oFShooter" */;
			compatibilityVersion = "Xcode 8.0";
			developmentRegion = English;
			hasScannedForEncodings = 0;
			knownRegions = (
				English,
				Japanese,
				French,
				German,
			);
			mainGroup = E4B69B4A0A3A1720003C02F2;
			productRefGroup = E4B69B4A0A3A1720003C02F2;
			projectDirPath = "";
			projectReferences = (
				{
					ProductGroup = E4328144138ABC890047C5CB /* Products */;
					ProjectRef = E4328143138ABC890047C5CB /* openFrameworksLib.xcodeproj */;
				},
			);
			projectRoot = "";
			targets = (
				E4B69B5A0A3A1756003C02F2 /* oFShooter */,
			);
		};
/* End PBXProject section */

/* Begin PBXReferenceProxy section */
		E4328148138ABC890047C5CB /* openFrameworksDebug.a */ = {
			isa = PBXReferenceProxy;
			fileType = archive.ar;
			path = openFrameworksDebug.a;
			remoteRef = E4328147138ABC890047C5CB /* PBXContainerItemProxy */;
			sourceTree = BUILT_PRODUCTS_DIR;
		};
/* End PBXReferenceProxy section */

/* Begin PBXShellScriptBuildPhase section */
		E4B6FFFD0C3F9AB9008CF71C /* ShellScript */ = {
			isa = PBXShellScriptBuildPhase;
			buildActionMask = 2147483647;
			files = (
			);
			inputPaths = (
			);
			outputPaths = (
			);
			runOnlyForDeploymentPostprocessing = 0;
			shellPath = /bin/sh;
			shellScript = "mkdir -p \"$TARGET_BUILD_DIR/$PRODUCT_NAME.app/Contents/Resources/\"\n# Copy default icon file into App/Resources\nrsync -aved \"$ICON_FILE\" \"$TARGET_BUILD_DIR/$PRODUCT_NAME.app/Contents/Resources/\"\n# Copy libfmod and change install directory for fmod to run\nrsync -aved ../libs/of_v0.9.8_osx_release/libs/fmodex/lib/osx/libfmodex.dylib \"$TARGET_BUILD_DIR/$PRODUCT_NAME.app/Contents/Frameworks/\";\ninstall_name_tool -change @executable_path/libfmodex.dylib @executable_path/../Frameworks/libfmodex.dylib \"$TARGET_BUILD_DIR/$PRODUCT_NAME.app/Contents/MacOS/$PRODUCT_NAME\";\n# Copy GLUT framework (must remove for AppStore submissions)\nrsync -aved ../libs/of_v0.9.8_osx_release/libs/glut/lib/osx/GLUT.framework \"$TARGET_BUILD_DIR/$PRODUCT_NAME.app/Contents/Frameworks/\"\n";
		};
/* End PBXShellScriptBuildPhase section */

/* Begin PBXSourcesBuildPhase section */
		E4B69B580A3A1756003C02F2 /* Sources */ = {
			isa = PBXSourcesBuildPhase;
			buildActionMask = 2147483647;
			files = (
				E4B69E200A3A1BDC003C02F2 /* Main.cpp in Sources */,
				E4B69E210A3A1BDC003C02F2 /* ofApp.cpp in Sources */,
				AA112CF0B070B74225ED4BC4 /* ofxOscBundle.cpp in Sources */,
				04C86C741F6DAD43008A3749 /* LevelController.cpp in Sources */,
				043668C71F6F48810058A984 /* Avatar.cpp in Sources */,
				B25B7ACA594F8A0CDC0B9B89 /* ofxOscMessage.cpp in Sources */,
				FE2347D7988DA1A14CFD5A73 /* ofxOscParameterSync.cpp in Sources */,
				174A7F10757771137B855300 /* ofxOscReceiver.cpp in Sources */,
				BECEB2A20B1BF83D16060390 /* ofxOscSender.cpp in Sources */,
				04C86C721F6DAD43008A3749 /* Bullet.cpp in Sources */,
				04C86C731F6DAD43008A3749 /* Enemy.cpp in Sources */,
				430778705ACE882C5437CF3E /* IpEndpointName.cpp in Sources */,
				043668C31F6F17900058A984 /* Explosion.cpp in Sources */,
				04C86C751F6DAD43008A3749 /* Life.cpp in Sources */,
				DB8451D7092C090B8083639D /* NetworkingUtils.cpp in Sources */,
				B9D03C8670731DACA7C9BC95 /* UdpSocket.cpp in Sources */,
				2A276BECC8BCADFED68A71A1 /* OscOutboundPacketStream.cpp in Sources */,
				F3A9BD712EC92F52A159DB9C /* OscPrintReceivedElements.cpp in Sources */,
				038F8AB07C34724147282E89 /* OscReceivedElements.cpp in Sources */,
				04C86C761F6DAD43008A3749 /* Player.cpp in Sources */,
				C83AB37742E246518A9A809F /* OscTypes.cpp in Sources */,
			);
			runOnlyForDeploymentPostprocessing = 0;
		};
/* End PBXSourcesBuildPhase section */

/* Begin PBXTargetDependency section */
		E4EEB9AC138B136A00A80321 /* PBXTargetDependency */ = {
			isa = PBXTargetDependency;
			name = openFrameworks;
			targetProxy = E4EEB9AB138B136A00A80321 /* PBXContainerItemProxy */;
		};
/* End PBXTargetDependency section */

/* Begin XCBuildConfiguration section */
		E4B69B4E0A3A1720003C02F2 /* Debug */ = {
			isa = XCBuildConfiguration;
			baseConfigurationReference = E4EB6923138AFD0F00A09F29 /* Project.xcconfig */;
			buildSettings = {
				CONFIGURATION_BUILD_DIR = "$(SRCROOT)/bin/";
				COPY_PHASE_STRIP = NO;
				DEAD_CODE_STRIPPING = YES;
				GCC_AUTO_VECTORIZATION = YES;
				GCC_ENABLE_SSE3_EXTENSIONS = YES;
				GCC_ENABLE_SUPPLEMENTAL_SSE3_INSTRUCTIONS = YES;
				GCC_INLINES_ARE_PRIVATE_EXTERN = NO;
				GCC_OPTIMIZATION_LEVEL = 0;
				GCC_SYMBOLS_PRIVATE_EXTERN = NO;
				GCC_WARN_ABOUT_DEPRECATED_FUNCTIONS = YES;
				GCC_WARN_ABOUT_INVALID_OFFSETOF_MACRO = NO;
				GCC_WARN_ALLOW_INCOMPLETE_PROTOCOL = NO;
				GCC_WARN_UNINITIALIZED_AUTOS = NO;
				GCC_WARN_UNUSED_VALUE = NO;
				GCC_WARN_UNUSED_VARIABLE = NO;
				HEADER_SEARCH_PATHS = (
					"$(OF_CORE_HEADERS)",
					../libs/of_v0.9.8_osx_release/addons/ofxOsc/libs,
					../libs/of_v0.9.8_osx_release/addons/ofxOsc/libs/oscpack,
					../libs/of_v0.9.8_osx_release/addons/ofxOsc/libs/oscpack/src,
					../libs/of_v0.9.8_osx_release/addons/ofxOsc/libs/oscpack/src/ip,
					../libs/of_v0.9.8_osx_release/addons/ofxOsc/libs/oscpack/src/ip/posix,
					../libs/of_v0.9.8_osx_release/addons/ofxOsc/libs/oscpack/src/ip/win32,
					../libs/of_v0.9.8_osx_release/addons/ofxOsc/libs/oscpack/src/osc,
					../libs/of_v0.9.8_osx_release/addons/ofxOsc/src,
				);
				MACOSX_DEPLOYMENT_TARGET = 10.8;
				ONLY_ACTIVE_ARCH = YES;
				OTHER_CPLUSPLUSFLAGS = (
					"-D__MACOSX_CORE__",
					"-mtune=native",
				);
				SDKROOT = macosx;
			};
			name = Debug;
		};
		E4B69B4F0A3A1720003C02F2 /* Release */ = {
			isa = XCBuildConfiguration;
			baseConfigurationReference = E4EB6923138AFD0F00A09F29 /* Project.xcconfig */;
			buildSettings = {
				CONFIGURATION_BUILD_DIR = "$(SRCROOT)/bin/";
				COPY_PHASE_STRIP = YES;
				DEAD_CODE_STRIPPING = YES;
				GCC_AUTO_VECTORIZATION = YES;
				GCC_ENABLE_SSE3_EXTENSIONS = YES;
				GCC_ENABLE_SUPPLEMENTAL_SSE3_INSTRUCTIONS = YES;
				GCC_INLINES_ARE_PRIVATE_EXTERN = NO;
				GCC_OPTIMIZATION_LEVEL = 3;
				GCC_SYMBOLS_PRIVATE_EXTERN = NO;
				GCC_UNROLL_LOOPS = YES;
				GCC_WARN_ABOUT_DEPRECATED_FUNCTIONS = YES;
				GCC_WARN_ABOUT_INVALID_OFFSETOF_MACRO = NO;
				GCC_WARN_ALLOW_INCOMPLETE_PROTOCOL = NO;
				GCC_WARN_UNINITIALIZED_AUTOS = NO;
				GCC_WARN_UNUSED_VALUE = NO;
				GCC_WARN_UNUSED_VARIABLE = NO;
				HEADER_SEARCH_PATHS = (
					"$(OF_CORE_HEADERS)",
					../libs/of_v0.9.8_osx_release/addons/ofxOsc/libs,
					../libs/of_v0.9.8_osx_release/addons/ofxOsc/libs/oscpack,
					../libs/of_v0.9.8_osx_release/addons/ofxOsc/libs/oscpack/src,
					../libs/of_v0.9.8_osx_release/addons/ofxOsc/libs/oscpack/src/ip,
					../libs/of_v0.9.8_osx_release/addons/ofxOsc/libs/oscpack/src/ip/posix,
					../libs/of_v0.9.8_osx_release/addons/ofxOsc/libs/oscpack/src/ip/win32,
					../libs/of_v0.9.8_osx_release/addons/ofxOsc/libs/oscpack/src/osc,
					../libs/of_v0.9.8_osx_release/addons/ofxOsc/src,
				);
				MACOSX_DEPLOYMENT_TARGET = 10.8;
				OTHER_CPLUSPLUSFLAGS = (
					"-D__MACOSX_CORE__",
					"-mtune=native",
				);
				SDKROOT = macosx;
			};
			name = Release;
		};
		E4B69B600A3A1757003C02F2 /* Debug */ = {
			isa = XCBuildConfiguration;
			baseConfigurationReference = E4EB6923138AFD0F00A09F29 /* Project.xcconfig */;
			buildSettings = {
				COMBINE_HIDPI_IMAGES = YES;
				COPY_PHASE_STRIP = NO;
				FRAMEWORK_SEARCH_PATHS = (
					"$(inherited)",
					"$(FRAMEWORK_SEARCH_PATHS_QUOTED_FOR_TARGET_1)",
				);
				FRAMEWORK_SEARCH_PATHS_QUOTED_FOR_TARGET_1 = "\"$(SRCROOT)/../libs/of_v0.9.8_osx_release/libs/glut/lib/osx\"";
				GCC_DYNAMIC_NO_PIC = NO;
				GCC_GENERATE_DEBUGGING_SYMBOLS = YES;
				GCC_MODEL_TUNING = NONE;
				HEADER_SEARCH_PATHS = (
					"$(OF_CORE_HEADERS)",
					../libs/of_v0.9.8_osx_release/addons/ofxOsc/libs,
					../libs/of_v0.9.8_osx_release/addons/ofxOsc/libs/oscpack,
					../libs/of_v0.9.8_osx_release/addons/ofxOsc/libs/oscpack/src,
					../libs/of_v0.9.8_osx_release/addons/ofxOsc/libs/oscpack/src/ip,
					../libs/of_v0.9.8_osx_release/addons/ofxOsc/libs/oscpack/src/ip/posix,
					../libs/of_v0.9.8_osx_release/addons/ofxOsc/libs/oscpack/src/ip/win32,
					../libs/of_v0.9.8_osx_release/addons/ofxOsc/libs/oscpack/src/osc,
					../libs/of_v0.9.8_osx_release/addons/ofxOsc/src,
				);
				ICON = "$(ICON_NAME_DEBUG)";
				ICON_FILE = "$(ICON_FILE_PATH)$(ICON)";
				INFOPLIST_FILE = "openFrameworks-Info.plist";
				INSTALL_PATH = /Applications;
				LIBRARY_SEARCH_PATHS = "$(inherited)";
				PRODUCT_NAME = "$(TARGET_NAME)Debug";
				WRAPPER_EXTENSION = app;
			};
			name = Debug;
		};
		E4B69B610A3A1757003C02F2 /* Release */ = {
			isa = XCBuildConfiguration;
			baseConfigurationReference = E4EB6923138AFD0F00A09F29 /* Project.xcconfig */;
			buildSettings = {
				COMBINE_HIDPI_IMAGES = YES;
				COPY_PHASE_STRIP = YES;
				FRAMEWORK_SEARCH_PATHS = (
					"$(inherited)",
					"$(FRAMEWORK_SEARCH_PATHS_QUOTED_FOR_TARGET_1)",
				);
				FRAMEWORK_SEARCH_PATHS_QUOTED_FOR_TARGET_1 = "\"$(SRCROOT)/../libs/of_v0.9.8_osx_release/libs/glut/lib/osx\"";
				GCC_GENERATE_DEBUGGING_SYMBOLS = YES;
				GCC_MODEL_TUNING = NONE;
				HEADER_SEARCH_PATHS = (
					"$(OF_CORE_HEADERS)",
					../libs/of_v0.9.8_osx_release/addons/ofxOsc/libs,
					../libs/of_v0.9.8_osx_release/addons/ofxOsc/libs/oscpack,
					../libs/of_v0.9.8_osx_release/addons/ofxOsc/libs/oscpack/src,
					../libs/of_v0.9.8_osx_release/addons/ofxOsc/libs/oscpack/src/ip,
					../libs/of_v0.9.8_osx_release/addons/ofxOsc/libs/oscpack/src/ip/posix,
					../libs/of_v0.9.8_osx_release/addons/ofxOsc/libs/oscpack/src/ip/win32,
					../libs/of_v0.9.8_osx_release/addons/ofxOsc/libs/oscpack/src/osc,
					../libs/of_v0.9.8_osx_release/addons/ofxOsc/src,
				);
				ICON = "$(ICON_NAME_RELEASE)";
				ICON_FILE = "$(ICON_FILE_PATH)$(ICON)";
				INFOPLIST_FILE = "openFrameworks-Info.plist";
				INSTALL_PATH = /Applications;
				LIBRARY_SEARCH_PATHS = "$(inherited)";
				PRODUCT_NAME = "$(TARGET_NAME)";
				WRAPPER_EXTENSION = app;
				baseConfigurationReference = E4EB6923138AFD0F00A09F29;
			};
			name = Release;
		};
/* End XCBuildConfiguration section */

/* Begin XCConfigurationList section */
		E4B69B4D0A3A1720003C02F2 /* Build configuration list for PBXProject "oFShooter" */ = {
			isa = XCConfigurationList;
			buildConfigurations = (
				E4B69B4E0A3A1720003C02F2 /* Debug */,
				E4B69B4F0A3A1720003C02F2 /* Release */,
			);
			defaultConfigurationIsVisible = 0;
			defaultConfigurationName = Release;
		};
		E4B69B5F0A3A1757003C02F2 /* Build configuration list for PBXNativeTarget "oFShooter" */ = {
			isa = XCConfigurationList;
			buildConfigurations = (
				E4B69B600A3A1757003C02F2 /* Debug */,
				E4B69B610A3A1757003C02F2 /* Release */,
			);
			defaultConfigurationIsVisible = 0;
			defaultConfigurationName = Release;
		};
/* End XCConfigurationList section */
	};
	rootObject = E4B69B4C0A3A1720003C02F2 /* Project object */;
}
